# This is a Gradle generated file for dependency locking.
# Manual edits can break the build and are not advised.
# This file is expected to be part of source control.
com.fasterxml.jackson.core:jackson-annotations:2.19.1=classpath
com.fasterxml.jackson.core:jackson-core:2.19.1=classpath
com.fasterxml.jackson.core:jackson-databind:2.19.1=classpath
com.fasterxml.jackson.module:jackson-module-parameter-names:2.19.1=classpath
com.fasterxml.jackson:jackson-bom:2.19.1=classpath
com.fasterxml:classmate:1.5.1=classpath
com.github.openjson:openjson:1.0.13=classpath
com.google.code.findbugs:jsr305:3.0.2=classpath
com.sun.istack:istack-commons-runtime:4.1.1=classpath
commons-codec:commons-codec:1.17.1=classpath
commons-io:commons-io:2.16.1=classpath
io.smallrye:jandex:3.2.0=classpath
io.spring.dependency-management:io.spring.dependency-management.gradle.plugin:1.1.7=classpath
io.spring.gradle:dependency-management-plugin:1.1.7=classpath
jakarta.activation:jakarta.activation-api:2.1.1=classpath
jakarta.inject:jakarta.inject-api:2.0.1=classpath
jakarta.persistence:jakarta.persistence-api:3.1.0=classpath
jakarta.transaction:jakarta.transaction-api:2.0.1=classpath
jakarta.xml.bind:jakarta.xml.bind-api:4.0.0=classpath
net.bytebuddy:byte-buddy:1.15.11=classpath
net.java.dev.jna:jna-platform:5.17.0=classpath
net.java.dev.jna:jna:5.17.0=classpath
org.antlr:antlr4-runtime:4.13.0=classpath
org.apache.commons:commons-compress:1.27.1=classpath
org.apache.commons:commons-lang3:3.16.0=classpath
org.apache.httpcomponents.client5:httpclient5:5.5=classpath
org.apache.httpcomponents.core5:httpcore5-h2:5.3.4=classpath
org.apache.httpcomponents.core5:httpcore5:5.3.4=classpath
org.eclipse.angus:angus-activation:2.0.0=classpath
org.glassfish.jaxb:jaxb-core:4.0.2=classpath
org.glassfish.jaxb:jaxb-runtime:4.0.2=classpath
org.glassfish.jaxb:txw2:4.0.2=classpath
org.graalvm.buildtools.native:org.graalvm.buildtools.native.gradle.plugin:0.10.6=classpath
org.graalvm.buildtools:graalvm-reachability-metadata:0.10.6=classpath
org.graalvm.buildtools:native-gradle-plugin:0.10.6=classpath
org.graalvm.buildtools:utils:0.10.6=classpath
org.hibernate.common:hibernate-commons-annotations:7.0.3.Final=classpath
org.hibernate.orm:hibernate-core:6.6.18.Final=classpath
org.hibernate.orm:hibernate-gradle-plugin:6.6.18.Final=classpath
org.hibernate.orm:org.hibernate.orm.gradle.plugin:6.6.18.Final=classpath
org.jboss.logging:jboss-logging:3.5.0.Final=classpath
org.slf4j:slf4j-api:1.7.36=classpath
org.springframework.boot:org.springframework.boot.gradle.plugin:3.5.3=classpath
org.springframework.boot:spring-boot-buildpack-platform:3.5.3=classpath
org.springframework.boot:spring-boot-gradle-plugin:3.5.3=classpath
org.springframework.boot:spring-boot-loader-tools:3.5.3=classpath
org.springframework:spring-core:6.2.8=classpath
org.springframework:spring-jcl:6.2.8=classpath
org.tomlj:tomlj:1.0.0=classpath
empty=
